// !$*UTF8*$!
{
	archiveVersion = 1;
	classes = {
	};
	objectVersion = 48;
	objects = {

/* Begin PBXBuildFile section */
		734A94031F6EEC05001DA40F /* AppDelegate.swift in Sources */ = {isa = PBXBuildFile; fileRef = 734A94021F6EEC05001DA40F /* AppDelegate.swift */; };
		734A94051F6EEC05001DA40F /* ViewController.swift in Sources */ = {isa = PBXBuildFile; fileRef = 734A94041F6EEC05001DA40F /* ViewController.swift */; };
		734A94081F6EEC05001DA40F /* Main.storyboard in Resources */ = {isa = PBXBuildFile; fileRef = 734A94061F6EEC05001DA40F /* Main.storyboard */; };
		734A940B1F6EEC05001DA40F /* DoIt.xcdatamodeld in Sources */ = {isa = PBXBuildFile; fileRef = 734A94091F6EEC05001DA40F /* DoIt.xcdatamodeld */; };
		734A940D1F6EEC05001DA40F /* Assets.xcassets in Resources */ = {isa = PBXBuildFile; fileRef = 734A940C1F6EEC05001DA40F /* Assets.xcassets */; };
		734A94101F6EEC05001DA40F /* LaunchScreen.storyboard in Resources */ = {isa = PBXBuildFile; fileRef = 734A940E1F6EEC05001DA40F /* LaunchScreen.storyboard */; };
		734A94181F6EEF1D001DA40F /* task.swift in Sources */ = {isa = PBXBuildFile; fileRef = 734A94171F6EEF1D001DA40F /* task.swift */; };
/* End PBXBuildFile section */

/* Begin PBXFileReference section */
		734A93FF1F6EEC05001DA40F /* DoIt.app */ = {isa = PBXFileReference; explicitFileType = wrapper.application; includeInIndex = 0; path = DoIt.app; sourceTree = BUILT_PRODUCTS_DIR; };
		734A94021F6EEC05001DA40F /* AppDelegate.swift */ = {isa = PBXFileReference; lastKnownFileType = sourcecode.swift; path = AppDelegate.swift; sourceTree = "<group>"; };
		734A94041F6EEC05001DA40F /* ViewController.swift */ = {isa = PBXFileReference; lastKnownFileType = sourcecode.swift; path = ViewController.swift; sourceTree = "<group>"; };
		734A94071F6EEC05001DA40F /* Base */ = {isa = PBXFileReference; lastKnownFileType = file.storyboard; name = Base; path = Base.lproj/Main.storyboard; sourceTree = "<group>"; };
		734A940A1F6EEC05001DA40F /* DoIt.xcdatamodel */ = {isa = PBXFileReference; lastKnownFileType = wrapper.xcdatamodel; path = DoIt.xcdatamodel; sourceTree = "<group>"; };
		734A940C1F6EEC05001DA40F /* Assets.xcassets */ = {isa = PBXFileReference; lastKnownFileType = folder.assetcatalog; path = Assets.xcassets; sourceTree = "<group>"; };
		734A940F1F6EEC05001DA40F /* Base */ = {isa = PBXFileReference; lastKnownFileType = file.storyboard; name = Base; path = Base.lproj/LaunchScreen.storyboard; sourceTree = "<group>"; };
		734A94111F6EEC05001DA40F /* Info.plist */ = {isa = PBXFileReference; lastKnownFileType = text.plist.xml; path = Info.plist; sourceTree = "<group>"; };
		734A94171F6EEF1D001DA40F /* task.swift */ = {isa = PBXFileReference; lastKnownFileType = sourcecode.swift; path = task.swift; sourceTree = "<group>"; };
/* End PBXFileReference section */

/* Begin PBXFrameworksBuildPhase section */
		734A93FC1F6EEC05001DA40F /* Frameworks */ = {
			isa = PBXFrameworksBuildPhase;
			buildActionMask = 2147483647;
			files = (
			);
			runOnlyForDeploymentPostprocessing = 0;
		};
/* End PBXFrameworksBuildPhase section */

/* Begin PBXGroup section */
		734A93F61F6EEC05001DA40F = {
			isa = PBXGroup;
			children = (
				734A94171F6EEF1D001DA40F /* task.swift */,
				734A94011F6EEC05001DA40F /* DoIt */,
				734A94001F6EEC05001DA40F /* Products */,
			);
			sourceTree = "<group>";
		};
		734A94001F6EEC05001DA40F /* Products */ = {
			isa = PBXGroup;
			children = (
				734A93FF1F6EEC05001DA40F /* DoIt.app */,
			);
			name = Products;
			sourceTree = "<group>";
		};
		734A94011F6EEC05001DA40F /* DoIt */ = {
			isa = PBXGroup;
			children = (
				734A94021F6EEC05001DA40F /* AppDelegate.swift */,
				734A94041F6EEC05001DA40F /* ViewController.swift */,
				734A94061F6EEC05001DA40F /* Main.storyboard */,
				734A940C1F6EEC05001DA40F /* Assets.xcassets */,
				734A940E1F6EEC05001DA40F /* LaunchScreen.storyboard */,
				734A94111F6EEC05001DA40F /* Info.plist */,
				734A94091F6EEC05001DA40F /* DoIt.xcdatamodeld */,
			);
			path = DoIt;
			sourceTree = "<group>";
		};
/* End PBXGroup section */

/* Begin PBXNativeTarget section */
		734A93FE1F6EEC05001DA40F /* DoIt */ = {
			isa = PBXNativeTarget;
			buildConfigurationList = 734A94141F6EEC05001DA40F /* Build configuration list for PBXNativeTarget "DoIt" */;
			buildPhases = (
				734A93FB1F6EEC05001DA40F /* Sources */,
				734A93FC1F6EEC05001DA40F /* Frameworks */,
				734A93FD1F6EEC05001DA40F /* Resources */,
			);
			buildRules = (
			);
			dependencies = (
			);
			name = DoIt;
			productName = DoIt;
			productReference = 734A93FF1F6EEC05001DA40F /* DoIt.app */;
			productType = "com.apple.product-type.application";
		};
/* End PBXNativeTarget section */

/* Begin PBXProject section */
		734A93F71F6EEC05001DA40F /* Project object */ = {
			isa = PBXProject;
			attributes = {
				LastSwiftUpdateCheck = 0900;
				LastUpgradeCheck = 0900;
				ORGANIZATIONNAME = "Mohammed Faizuddin";
				TargetAttributes = {
					734A93FE1F6EEC05001DA40F = {
						CreatedOnToolsVersion = 9.0;
					};
				};
			};
			buildConfigurationList = 734A93FA1F6EEC05001DA40F /* Build configuration list for PBXProject "DoIt" */;
			compatibilityVersion = "Xcode 8.0";
			developmentRegion = en;
			hasScannedForEncodings = 0;
			knownRegions = (
				en,
				Base,
			);
			mainGroup = 734A93F61F6EEC05001DA40F;
			productRefGroup = 734A94001F6EEC05001DA40F /* Products */;
			projectDirPath = "";
			projectRoot = "";
			targets = (
				734A93FE1F6EEC05001DA40F /* DoIt */,
			);
		};
/* End PBXProject section */

/* Begin PBXResourcesBuildPhase section */
		734A93FD1F6EEC05001DA40F /* Resources */ = {
			isa = PBXResourcesBuildPhase;
			buildActionMask = 2147483647;
			files = (
				734A94101F6EEC05001DA40F /* LaunchScreen.storyboard in Resources */,
				734A940D1F6EEC05001DA40F /* Assets.xcassets in Resources */,
				734A94081F6EEC05001DA40F /* Main.storyboard in Resources */,
			);
			runOnlyForDeploymentPostprocessing = 0;
		};
/* End PBXResourcesBuildPhase section */

/* Begin PBXSourcesBuildPhase section */
		734A93FB1F6EEC05001DA40F /* Sources */ = {
			isa = PBXSourcesBuildPhase;
			buildActionMask = 2147483647;
			files = (
				734A94181F6EEF1D001DA40F /* task.swift in Sources */,
				734A940B1F6EEC05001DA40F /* DoIt.xcdatamodeld in Sources */,
				734A94051F6EEC05001DA40F /* ViewController.swift in Sources */,
				734A94031F6EEC05001DA40F /* AppDelegate.swift in Sources */,
			);
			runOnlyForDeploymentPostprocessing = 0;
		};
/* End PBXSourcesBuildPhase section */

/* Begin PBXVariantGroup section */
		734A94061F6EEC05001DA40F /* Main.storyboard */ = {
			isa = PBXVariantGroup;
			children = (
				734A94071F6EEC05001DA40F /* Base */,
			);
			name = Main.storyboard;
			sourceTree = "<group>";
		};
		734A940E1F6EEC05001DA40F /* LaunchScreen.storyboard */ = {
			isa = PBXVariantGroup;
			children = (
				734A940F1F6EEC05001DA40F /* Base */,
			);
			name = LaunchScreen.storyboard;
			sourceTree = "<group>";
		};
/* End PBXVariantGroup section */

/* Begin XCBuildConfiguration section */
		734A94121F6EEC05001DA40F /* Debug */ = {
			isa = XCBuildConfiguration;
			buildSettings = {
				ALWAYS_SEARCH_USER_PATHS = NO;
				CLANG_ANALYZER_NONNULL = YES;
				CLANG_ANALYZER_NUMBER_OBJECT_CONVERSION = YES_AGGRESSIVE;
				CLANG_CXX_LANGUAGE_STANDARD = "gnu++14";
				CLANG_CXX_LIBRARY = "libc++";
				CLANG_ENABLE_MODULES = YES;
				CLANG_ENABLE_OBJC_ARC = YES;
				CLANG_WARN_BLOCK_CAPTURE_AUTORELEASING = YES;
				CLANG_WARN_BOOL_CONVERSION = YES;
				CLANG_WARN_COMMA = YES;
				CLANG_WARN_CONSTANT_CONVERSION = YES;
				CLANG_WARN_DIRECT_OBJC_ISA_USAGE = YES_ERROR;
				CLANG_WARN_DOCUMENTATION_COMMENTS = YES;
				CLANG_WARN_EMPTY_BODY = YES;
				CLANG_WARN_ENUM_CONVERSION = YES;
				CLANG_WARN_INFINITE_RECURSION = YES;
				CLANG_WARN_INT_CONVERSION = YES;
				CLANG_WARN_NON_LITERAL_NULL_CONVERSION = YES;
				CLANG_WARN_OBJC_LITERAL_CONVERSION = YES;
				CLANG_WARN_OBJC_ROOT_CLASS = YES_ERROR;
				CLANG_WARN_RANGE_LOOP_ANALYSIS = YES;
				CLANG_WARN_STRICT_PROTOTYPES = YES;
				CLANG_WARN_SUSPICIOUS_MOVE = YES;
				CLANG_WARN_UNGUARDED_AVAILABILITY = YES_AGGRESSIVE;
				CLANG_WARN_UNREACHABLE_CODE = YES;
				CLANG_WARN__DUPLICATE_METHOD_MATCH = YES;
				CODE_SIGN_IDENTITY = "iPhone Developer";
				COPY_PHASE_STRIP = NO;
				DEBUG_INFORMATION_FORMAT = dwarf;
				ENABLE_STRICT_OBJC_MSGSEND = YES;
				ENABLE_TESTABILITY = YES;
				GCC_C_LANGUAGE_STANDARD = gnu11;
				GCC_DYNAMIC_NO_PIC = NO;
				GCC_NO_COMMON_BLOCKS = YES;
				GCC_OPTIMIZATION_LEVEL = 0;
				GCC_PREPROCESSOR_DEFINITIONS = (
					"DEBUG=1",
					"$(inherited)",
				);
				GCC_WARN_64_TO_32_BIT_CONVERSION = YES;
				GCC_WARN_ABOUT_RETURN_TYPE = YES_ERROR;
				GCC_WARN_UNDECLARED_SELECTOR = YES;
				GCC_WARN_UNINITIALIZED_AUTOS = YES_AGGRESSIVE;
				GCC_WARN_UNUSED_FUNCTION = YES;
				GCC_WARN_UNUSED_VARIABLE = YES;
				IPHONEOS_DEPLOYMENT_TARGET = 11.0;
				MTL_ENABLE_DEBUG_INFO = YES;
				ONLY_ACTIVE_ARCH = YES;
				SDKROOT = iphoneos;
				SWIFT_ACTIVE_COMPILATION_CONDITIONS = DEBUG;
				SWIFT_OPTIMIZATION_LEVEL = "-Onone";
			};
			name = Debug;
		};
		734A94131F6EEC05001DA40F /* Release */ = {
			isa = XCBuildConfiguration;
			buildSettings = {
				ALWAYS_SEARCH_USER_PATHS = NO;
				CLANG_ANALYZER_NONNULL = YES;
				CLANG_ANALYZER_NUMBER_OBJECT_CONVERSION = YES_AGGRESSIVE;
				CLANG_CXX_LANGUAGE_STANDARD = "gnu++14";
				CLANG_CXX_LIBRARY = "libc++";
				CLANG_ENABLE_MODULES = YES;
				CLANG_ENABLE_OBJC_ARC = YES;
				CLANG_WARN_BLOCK_CAPTURE_AUTORELEASING = YES;
				CLANG_WARN_BOOL_CONVERSION = YES;
				CLANG_WARN_COMMA = YES;
				CLANG_WARN_CONSTANT_CONVERSION = YES;
				CLANG_WARN_DIRECT_OBJC_ISA_USAGE = YES_ERROR;
				CLANG_WARN_DOCUMENTATION_COMMENTS = YES;
				CLANG_WARN_EMPTY_BODY = YES;
				CLANG_WARN_ENUM_CONVERSION = YES;
				CLANG_WARN_INFINITE_RECURSION = YES;
				CLANG_WARN_INT_CONVERSION = YES;
				CLANG_WARN_NON_LITERAL_NULL_CONVERSION = YES;
				CLANG_WARN_OBJC_LITERAL_CONVERSION = YES;
				CLANG_WARN_OBJC_ROOT_CLASS = YES_ERROR;
				CLANG_WARN_RANGE_LOOP_ANALYSIS = YES;
				CLANG_WARN_STRICT_PROTOTYPES = YES;
				CLANG_WARN_SUSPICIOUS_MOVE = YES;
				CLANG_WARN_UNGUARDED_AVAILABILITY = YES_AGGRESSIVE;
				CLANG_WARN_UNREACHABLE_CODE = YES;
				CLANG_WARN__DUPLICATE_METHOD_MATCH = YES;
				CODE_SIGN_IDENTITY = "iPhone Developer";
				COPY_PHASE_STRIP = NO;
				DEBUG_INFORMATION_FORMAT = "dwarf-with-dsym";
				ENABLE_NS_ASSERTIONS = NO;
				ENABLE_STRICT_OBJC_MSGSEND = YES;
				GCC_C_LANGUAGE_STANDARD = gnu11;
				GCC_NO_COMMON_BLOCKS = YES;
				GCC_WARN_64_TO_32_BIT_CONVERSION = YES;
				GCC_WARN_ABOUT_RETURN_TYPE = YES_ERROR;
				GCC_WARN_UNDECLARED_SELECTOR = YES;
				GCC_WARN_UNINITIALIZED_AUTOS = YES_AGGRESSIVE;
				GCC_WARN_UNUSED_FUNCTION = YES;
				GCC_WARN_UNUSED_VARIABLE = YES;
				IPHONEOS_DEPLOYMENT_TARGET = 11.0;
				MTL_ENABLE_DEBUG_INFO = NO;
				SDKROOT = iphoneos;
				SWIFT_OPTIMIZATION_LEVEL = "-Owholemodule";
				VALIDATE_PRODUCT = YES;
			};
			name = Release;
		};
		734A94151F6EEC05001DA40F /* Debug */ = {
			isa = XCBuildConfiguration;
			buildSettings = {
				ASSETCATALOG_COMPILER_APPICON_NAME = AppIcon;
				DEVELOPMENT_TEAM = Q75836UFYY;
				INFOPLIST_FILE = DoIt/Info.plist;
				LD_RUNPATH_SEARCH_PATHS = "$(inherited) @executable_path/Frameworks";
				PRODUCT_BUNDLE_IDENTIFIER = com.mohammedfaiz.doit.DoIt;
				PRODUCT_NAME = "$(TARGET_NAME)";
				SWIFT_VERSION = 4.0;
				TARGETED_DEVICE_FAMILY = "1,2";
			};
			name = Debug;
		};
		734A94161F6EEC05001DA40F /* Release */ = {
			isa = XCBuildConfiguration;
			buildSettings = {
				ASSETCATALOG_COMPILER_APPICON_NAME = AppIcon;
				DEVELOPMENT_TEAM = Q75836UFYY;
				INFOPLIST_FILE = DoIt/Info.plist;
				LD_RUNPATH_SEARCH_PATHS = "$(inherited) @executable_path/Frameworks";
				PRODUCT_BUNDLE_IDENTIFIER = com.mohammedfaiz.doit.DoIt;
				PRODUCT_NAME = "$(TARGET_NAME)";
				SWIFT_VERSION = 4.0;
				TARGETED_DEVICE_FAMILY = "1,2";
			};
			name = Release;
		};
/* End XCBuildConfiguration section */

/* Begin XCConfigurationList section */
		734A93FA1F6EEC05001DA40F /* Build configuration list for PBXProject "DoIt" */ = {
			isa = XCConfigurationList;
			buildConfigurations = (
				734A94121F6EEC05001DA40F /* Debug */,
				734A94131F6EEC05001DA40F /* Release */,
			);
			defaultConfigurationIsVisible = 0;
			defaultConfigurationName = Release;
		};
		734A94141F6EEC05001DA40F /* Build configuration list for PBXNativeTarget "DoIt" */ = {
			isa = XCConfigurationList;
			buildConfigurations = (
				734A94151F6EEC05001DA40F /* Debug */,
				734A94161F6EEC05001DA40F /* Release */,
			);
			defaultConfigurationIsVisible = 0;
		};
/* End XCConfigurationList section */

/* Begin XCVersionGroup section */
		734A94091F6EEC05001DA40F /* DoIt.xcdatamodeld */ = {
			isa = XCVersionGroup;
			children = (
				734A940A1F6EEC05001DA40F /* DoIt.xcdatamodel */,
			);
			currentVersion = 734A940A1F6EEC05001DA40F /* DoIt.xcdatamodel */;
			path = DoIt.xcdatamodeld;
			sourceTree = "<group>";
			versionGroupType = wrapper.xcdatamodel;
		};
/* End XCVersionGroup section */
	};
	rootObject = 734A93F71F6EEC05001DA40F /* Project object */;
}
